Microsoft Visual Studio Solution File, Format Version 12.00
# Visual Studio Version 17
VisualStudioVersion = 17.5.2.0
MinimumVisualStudioVersion = 10.0.40219.1
Project("{FAE04EC0-301F-11D3-BF4B-00C04F79EFBC}") = "testbackend", "testbackend\testbackend.csproj", "{772BF784-D64D-6581-8DFD-451FD706B01A}"
EndProject
Global
	GlobalSection(SolutionConfigurationPlatforms) = preSolution
		Debug|Any CPU = Debug|Any CPU
		Release|Any CPU = Release|Any CPU
	EndGlobalSection
	GlobalSection(ProjectConfigurationPlatforms) = postSolution
		{772BF784-D64D-6581-8DFD-451FD706B01A}.Debug|Any CPU.ActiveCfg = Debug|Any CPU
		{772BF784-D64D-6581-8DFD-451FD706B01A}.Debug|Any CPU.Build.0 = Debug|Any CPU
		{772BF784-D64D-6581-8DFD-451FD706B01A}.Release|Any CPU.ActiveCfg = Release|Any CPU
		{772BF784-D64D-6581-8DFD-451FD706B01A}.Release|Any CPU.Build.0 = Release|Any CPU
	EndGlobalSection
	GlobalSection(SolutionProperties) = preSolution
		HideSolutionNode = FALSE
	EndGlobalSection
	GlobalSection(ExtensibilityGlobals) = postSolution
		SolutionGuid = {09EB69D3-2E58-4A23-9803-A0E1CEED914D}
	EndGlobalSection
EndGlobal
